{
  "name": "delposto",
  "version": "0.0.2",
  "lockfileVersion": 1,
  "requires": true,
  "dependencies": {
    "argparse": {
      "version": "0.1.16",
      "resolved": "https://registry.npmjs.org/argparse/-/argparse-0.1.16.tgz",
      "integrity": "sha1-z9AeD7uj1srtBJ+9dY1A9lGW9Xw=",
      "requires": {
        "underscore": "1.7.0",
        "underscore.string": "2.4.0"
      }
    },
    "js-yaml": {
      "version": "1.0.3",
      "resolved": "https://registry.npmjs.org/js-yaml/-/js-yaml-1.0.3.tgz",
      "integrity": "sha1-7GGXYP/IrlAcPWJnPYdOK58HQio=",
      "requires": {
        "argparse": "0.1.16"
      }
    },
    "mustache": {
      "version": "0.5.2",
      "resolved": "https://registry.npmjs.org/mustache/-/mustache-0.5.2.tgz",
      "integrity": "sha1-8flaLqzGkxih3FFdp1XEXnmhgqM="
    },
    "showdown": {
      "version": "0.2.0",
      "resolved": "https://registry.npmjs.org/showdown/-/showdown-0.2.0.tgz",
      "integrity": "sha1-LjpBdMw4tD8pkQR2ArFh5KXn+zI="
    },
    "slug": {
      "version": "0.2.2",
      "resolved": "https://registry.npmjs.org/slug/-/slug-0.2.2.tgz",
      "integrity": "sha1-/bzkMSAin5ywOu+LfVo/4ECtkvI=",
      "requires": {
        "unicode": "11.0.1"
      }
    },
    "underscore": {
      "version": "1.7.0",
      "resolved": "https://registry.npmjs.org/underscore/-/underscore-1.7.0.tgz",
      "integrity": "sha1-a7rwh3UA02vjTsqlhODbn+8DUgk="
    },
    "underscore.string": {
      "version": "2.4.0",
      "resolved": "https://registry.npmjs.org/underscore.string/-/underscore.string-2.4.0.tgz",
      "integrity": "sha1-jN2PusTi0uoefi6Al8QvRCKA+Fs="
    },
    "unicode": {
      "version": "11.0.1",
      "resolved": "https://registry.npmjs.org/unicode/-/unicode-11.0.1.tgz",
      "integrity": "sha512-+cHtykLb+eF1yrSLWTwcYBrqJkTfX7Quoyg7Juhe6uylF43ZbMdxMuSHNYlnyLT8T7POAvavgBthzUF9AIaQvQ=="
    }
  }
}
